// !$*UTF8*$!
{
	archiveVersion = 1;
	classes = {
	};
	objectVersion = 46;
	objects = {

/* Begin PBXBuildFile section */
		A58449341ACD504A0042A93E /* AppDelegate.swift in Sources */ = {isa = PBXBuildFile; fileRef = A58449331ACD504A0042A93E /* AppDelegate.swift */; };
		A58449361ACD504A0042A93E /* ViewController.swift in Sources */ = {isa = PBXBuildFile; fileRef = A58449351ACD504A0042A93E /* ViewController.swift */; };
		A58449391ACD504A0042A93E /* Main.storyboard in Resources */ = {isa = PBXBuildFile; fileRef = A58449371ACD504A0042A93E /* Main.storyboard */; };
		A584493B1ACD504A0042A93E /* Images.xcassets in Resources */ = {isa = PBXBuildFile; fileRef = A584493A1ACD504A0042A93E /* Images.xcassets */; };
		A584493E1ACD504A0042A93E /* LaunchScreen.xib in Resources */ = {isa = PBXBuildFile; fileRef = A584493C1ACD504A0042A93E /* LaunchScreen.xib */; };
		A584494A1ACD504A0042A93E /* askWatsonTests.swift in Sources */ = {isa = PBXBuildFile; fileRef = A58449491ACD504A0042A93E /* askWatsonTests.swift */; };
/* End PBXBuildFile section */

/* Begin PBXContainerItemProxy section */
		A58449441ACD504A0042A93E /* PBXContainerItemProxy */ = {
			isa = PBXContainerItemProxy;
			containerPortal = A58449261ACD504A0042A93E /* Project object */;
			proxyType = 1;
			remoteGlobalIDString = A584492D1ACD504A0042A93E;
			remoteInfo = askWatson;
		};
/* End PBXContainerItemProxy section */

/* Begin PBXFileReference section */
		A584492E1ACD504A0042A93E /* askWatson.app */ = {isa = PBXFileReference; explicitFileType = wrapper.application; includeInIndex = 0; path = askWatson.app; sourceTree = BUILT_PRODUCTS_DIR; };
		A58449321ACD504A0042A93E /* Info.plist */ = {isa = PBXFileReference; lastKnownFileType = text.plist.xml; path = Info.plist; sourceTree = "<group>"; };
		A58449331ACD504A0042A93E /* AppDelegate.swift */ = {isa = PBXFileReference; lastKnownFileType = sourcecode.swift; path = AppDelegate.swift; sourceTree = "<group>"; };
		A58449351ACD504A0042A93E /* ViewController.swift */ = {isa = PBXFileReference; lastKnownFileType = sourcecode.swift; path = ViewController.swift; sourceTree = "<group>"; };
		A58449381ACD504A0042A93E /* Base */ = {isa = PBXFileReference; lastKnownFileType = file.storyboard; name = Base; path = Base.lproj/Main.storyboard; sourceTree = "<group>"; };
		A584493A1ACD504A0042A93E /* Images.xcassets */ = {isa = PBXFileReference; lastKnownFileType = folder.assetcatalog; path = Images.xcassets; sourceTree = "<group>"; };
		A584493D1ACD504A0042A93E /* Base */ = {isa = PBXFileReference; lastKnownFileType = file.xib; name = Base; path = Base.lproj/LaunchScreen.xib; sourceTree = "<group>"; };
		A58449431ACD504A0042A93E /* askWatsonTests.xctest */ = {isa = PBXFileReference; explicitFileType = wrapper.cfbundle; includeInIndex = 0; path = askWatsonTests.xctest; sourceTree = BUILT_PRODUCTS_DIR; };
		A58449481ACD504A0042A93E /* Info.plist */ = {isa = PBXFileReference; lastKnownFileType = text.plist.xml; path = Info.plist; sourceTree = "<group>"; };
		A58449491ACD504A0042A93E /* askWatsonTests.swift */ = {isa = PBXFileReference; lastKnownFileType = sourcecode.swift; path = askWatsonTests.swift; sourceTree = "<group>"; };
		A58FD2AE1AD3D8BD00D4ED1D /* askWatson-Bridging-Header.h */ = {isa = PBXFileReference; lastKnownFileType = sourcecode.c.h; path = "askWatson-Bridging-Header.h"; sourceTree = "<group>"; };
/* End PBXFileReference section */

/* Begin PBXFrameworksBuildPhase section */
		A584492B1ACD504A0042A93E /* Frameworks */ = {
			isa = PBXFrameworksBuildPhase;
			buildActionMask = 2147483647;
			files = (
			);
			runOnlyForDeploymentPostprocessing = 0;
		};
		A58449401ACD504A0042A93E /* Frameworks */ = {
			isa = PBXFrameworksBuildPhase;
			buildActionMask = 2147483647;
			files = (
			);
			runOnlyForDeploymentPostprocessing = 0;
		};
/* End PBXFrameworksBuildPhase section */

/* Begin PBXGroup section */
		A58449251ACD504A0042A93E = {
			isa = PBXGroup;
			children = (
				A58449301ACD504A0042A93E /* askWatson */,
				A58449461ACD504A0042A93E /* askWatsonTests */,
				A584492F1ACD504A0042A93E /* Products */,
			);
			sourceTree = "<group>";
		};
		A584492F1ACD504A0042A93E /* Products */ = {
			isa = PBXGroup;
			children = (
				A584492E1ACD504A0042A93E /* askWatson.app */,
				A58449431ACD504A0042A93E /* askWatsonTests.xctest */,
			);
			name = Products;
			sourceTree = "<group>";
		};
		A58449301ACD504A0042A93E /* askWatson */ = {
			isa = PBXGroup;
			children = (
				A58449331ACD504A0042A93E /* AppDelegate.swift */,
				A58449351ACD504A0042A93E /* ViewController.swift */,
				A58449371ACD504A0042A93E /* Main.storyboard */,
				A584493A1ACD504A0042A93E /* Images.xcassets */,
				A584493C1ACD504A0042A93E /* LaunchScreen.xib */,
				A58449311ACD504A0042A93E /* Supporting Files */,
				A58FD2AE1AD3D8BD00D4ED1D /* askWatson-Bridging-Header.h */,
			);
			path = askWatson;
			sourceTree = SOURCE_ROOT;
		};
		A58449311ACD504A0042A93E /* Supporting Files */ = {
			isa = PBXGroup;
			children = (
				A58449321ACD504A0042A93E /* Info.plist */,
			);
			name = "Supporting Files";
			sourceTree = "<group>";
		};
		A58449461ACD504A0042A93E /* askWatsonTests */ = {
			isa = PBXGroup;
			children = (
				A58449491ACD504A0042A93E /* askWatsonTests.swift */,
				A58449471ACD504A0042A93E /* Supporting Files */,
			);
			path = askWatsonTests;
			sourceTree = "<group>";
		};
		A58449471ACD504A0042A93E /* Supporting Files */ = {
			isa = PBXGroup;
			children = (
				A58449481ACD504A0042A93E /* Info.plist */,
			);
			name = "Supporting Files";
			sourceTree = "<group>";
		};
/* End PBXGroup section */

/* Begin PBXNativeTarget section */
		A584492D1ACD504A0042A93E /* askWatson */ = {
			isa = PBXNativeTarget;
			buildConfigurationList = A584494D1ACD504A0042A93E /* Build configuration list for PBXNativeTarget "askWatson" */;
			buildPhases = (
				A584492A1ACD504A0042A93E /* Sources */,
				A584492B1ACD504A0042A93E /* Frameworks */,
				A584492C1ACD504A0042A93E /* Resources */,
			);
			buildRules = (
			);
			dependencies = (
			);
			name = askWatson;
			productName = askWatson;
			productReference = A584492E1ACD504A0042A93E /* askWatson.app */;
			productType = "com.apple.product-type.application";
		};
		A58449421ACD504A0042A93E /* askWatsonTests */ = {
			isa = PBXNativeTarget;
			buildConfigurationList = A58449501ACD504A0042A93E /* Build configuration list for PBXNativeTarget "askWatsonTests" */;
			buildPhases = (
				A584493F1ACD504A0042A93E /* Sources */,
				A58449401ACD504A0042A93E /* Frameworks */,
				A58449411ACD504A0042A93E /* Resources */,
			);
			buildRules = (
			);
			dependencies = (
				A58449451ACD504A0042A93E /* PBXTargetDependency */,
			);
			name = askWatsonTests;
			productName = askWatsonTests;
			productReference = A58449431ACD504A0042A93E /* askWatsonTests.xctest */;
			productType = "com.apple.product-type.bundle.unit-test";
		};
/* End PBXNativeTarget section */

/* Begin PBXProject section */
		A58449261ACD504A0042A93E /* Project object */ = {
			isa = PBXProject;
			attributes = {
				LastUpgradeCheck = 0610;
				ORGANIZATIONNAME = "Jimmy Liao";
				TargetAttributes = {
					A584492D1ACD504A0042A93E = {
						CreatedOnToolsVersion = 6.1.1;
					};
					A58449421ACD504A0042A93E = {
						CreatedOnToolsVersion = 6.1.1;
						TestTargetID = A584492D1ACD504A0042A93E;
					};
				};
			};
			buildConfigurationList = A58449291ACD504A0042A93E /* Build configuration list for PBXProject "askWatson" */;
			compatibilityVersion = "Xcode 3.2";
			developmentRegion = English;
			hasScannedForEncodings = 0;
			knownRegions = (
				en,
				Base,
			);
			mainGroup = A58449251ACD504A0042A93E;
			productRefGroup = A584492F1ACD504A0042A93E /* Products */;
			projectDirPath = "";
			projectRoot = "";
			targets = (
				A584492D1ACD504A0042A93E /* askWatson */,
				A58449421ACD504A0042A93E /* askWatsonTests */,
			);
		};
/* End PBXProject section */

/* Begin PBXResourcesBuildPhase section */
		A584492C1ACD504A0042A93E /* Resources */ = {
			isa = PBXResourcesBuildPhase;
			buildActionMask = 2147483647;
			files = (
				A58449391ACD504A0042A93E /* Main.storyboard in Resources */,
				A584493E1ACD504A0042A93E /* LaunchScreen.xib in Resources */,
				A584493B1ACD504A0042A93E /* Images.xcassets in Resources */,
			);
			runOnlyForDeploymentPostprocessing = 0;
		};
		A58449411ACD504A0042A93E /* Resources */ = {
			isa = PBXResourcesBuildPhase;
			buildActionMask = 2147483647;
			files = (
			);
			runOnlyForDeploymentPostprocessing = 0;
		};
/* End PBXResourcesBuildPhase section */

/* Begin PBXSourcesBuildPhase section */
		A584492A1ACD504A0042A93E /* Sources */ = {
			isa = PBXSourcesBuildPhase;
			buildActionMask = 2147483647;
			files = (
				A58449361ACD504A0042A93E /* ViewController.swift in Sources */,
				A58449341ACD504A0042A93E /* AppDelegate.swift in Sources */,
			);
			runOnlyForDeploymentPostprocessing = 0;
		};
		A584493F1ACD504A0042A93E /* Sources */ = {
			isa = PBXSourcesBuildPhase;
			buildActionMask = 2147483647;
			files = (
				A584494A1ACD504A0042A93E /* askWatsonTests.swift in Sources */,
			);
			runOnlyForDeploymentPostprocessing = 0;
		};
/* End PBXSourcesBuildPhase section */

/* Begin PBXTargetDependency section */
		A58449451ACD504A0042A93E /* PBXTargetDependency */ = {
			isa = PBXTargetDependency;
			target = A584492D1ACD504A0042A93E /* askWatson */;
			targetProxy = A58449441ACD504A0042A93E /* PBXContainerItemProxy */;
		};
/* End PBXTargetDependency section */

/* Begin PBXVariantGroup section */
		A58449371ACD504A0042A93E /* Main.storyboard */ = {
			isa = PBXVariantGroup;
			children = (
				A58449381ACD504A0042A93E /* Base */,
			);
			name = Main.storyboard;
			sourceTree = "<group>";
		};
		A584493C1ACD504A0042A93E /* LaunchScreen.xib */ = {
			isa = PBXVariantGroup;
			children = (
				A584493D1ACD504A0042A93E /* Base */,
			);
			name = LaunchScreen.xib;
			sourceTree = "<group>";
		};
/* End PBXVariantGroup section */

/* Begin XCBuildConfiguration section */
		A584494B1ACD504A0042A93E /* Debug */ = {
			isa = XCBuildConfiguration;
			buildSettings = {
				ALWAYS_SEARCH_USER_PATHS = NO;
				CLANG_CXX_LANGUAGE_STANDARD = "gnu++0x";
				CLANG_CXX_LIBRARY = "libc++";
				CLANG_ENABLE_MODULES = YES;
				CLANG_ENABLE_OBJC_ARC = YES;
				CLANG_WARN_BOOL_CONVERSION = YES;
				CLANG_WARN_CONSTANT_CONVERSION = YES;
				CLANG_WARN_DIRECT_OBJC_ISA_USAGE = YES_ERROR;
				CLANG_WARN_EMPTY_BODY = YES;
				CLANG_WARN_ENUM_CONVERSION = YES;
				CLANG_WARN_INT_CONVERSION = YES;
				CLANG_WARN_OBJC_ROOT_CLASS = YES_ERROR;
				CLANG_WARN_UNREACHABLE_CODE = YES;
				CLANG_WARN__DUPLICATE_METHOD_MATCH = YES;
				"CODE_SIGN_IDENTITY[sdk=iphoneos*]" = "iPhone Developer";
				COPY_PHASE_STRIP = NO;
				ENABLE_STRICT_OBJC_MSGSEND = YES;
				GCC_C_LANGUAGE_STANDARD = gnu99;
				GCC_DYNAMIC_NO_PIC = NO;
				GCC_OPTIMIZATION_LEVEL = 0;
				GCC_PREPROCESSOR_DEFINITIONS = (
					"DEBUG=1",
					"$(inherited)",
				);
				GCC_SYMBOLS_PRIVATE_EXTERN = NO;
				GCC_WARN_64_TO_32_BIT_CONVERSION = YES;
				GCC_WARN_ABOUT_RETURN_TYPE = YES_ERROR;
				GCC_WARN_UNDECLARED_SELECTOR = YES;
				GCC_WARN_UNINITIALIZED_AUTOS = YES_AGGRESSIVE;
				GCC_WARN_UNUSED_FUNCTION = YES;
				GCC_WARN_UNUSED_VARIABLE = YES;
				IPHONEOS_DEPLOYMENT_TARGET = 8.1;
				MTL_ENABLE_DEBUG_INFO = YES;
				ONLY_ACTIVE_ARCH = YES;
				SDKROOT = iphoneos;
				SWIFT_OBJC_BRIDGING_HEADER = "";
				SWIFT_OPTIMIZATION_LEVEL = "-Onone";
				TARGETED_DEVICE_FAMILY = "1,2";
			};
			name = Debug;
		};
		A584494C1ACD504A0042A93E /* Release */ = {
			isa = XCBuildConfiguration;
			buildSettings = {
				ALWAYS_SEARCH_USER_PATHS = NO;
				CLANG_CXX_LANGUAGE_STANDARD = "gnu++0x";
				CLANG_CXX_LIBRARY = "libc++";
				CLANG_ENABLE_MODULES = YES;
				CLANG_ENABLE_OBJC_ARC = YES;
				CLANG_WARN_BOOL_CONVERSION = YES;
				CLANG_WARN_CONSTANT_CONVERSION = YES;
				CLANG_WARN_DIRECT_OBJC_ISA_USAGE = YES_ERROR;
				CLANG_WARN_EMPTY_BODY = YES;
				CLANG_WARN_ENUM_CONVERSION = YES;
				CLANG_WARN_INT_CONVERSION = YES;
				CLANG_WARN_OBJC_ROOT_CLASS = YES_ERROR;
				CLANG_WARN_UNREACHABLE_CODE = YES;
				CLANG_WARN__DUPLICATE_METHOD_MATCH = YES;
				"CODE_SIGN_IDENTITY[sdk=iphoneos*]" = "iPhone Developer";
				COPY_PHASE_STRIP = YES;
				ENABLE_NS_ASSERTIONS = NO;
				ENABLE_STRICT_OBJC_MSGSEND = YES;
				GCC_C_LANGUAGE_STANDARD = gnu99;
				GCC_WARN_64_TO_32_BIT_CONVERSION = YES;
				GCC_WARN_ABOUT_RETURN_TYPE = YES_ERROR;
				GCC_WARN_UNDECLARED_SELECTOR = YES;
				GCC_WARN_UNINITIALIZED_AUTOS = YES_AGGRESSIVE;
				GCC_WARN_UNUSED_FUNCTION = YES;
				GCC_WARN_UNUSED_VARIABLE = YES;
				IPHONEOS_DEPLOYMENT_TARGET = 8.1;
				MTL_ENABLE_DEBUG_INFO = NO;
				SDKROOT = iphoneos;
				SWIFT_OBJC_BRIDGING_HEADER = "";
				TARGETED_DEVICE_FAMILY = "1,2";
				VALIDATE_PRODUCT = YES;
			};
			name = Release;
		};
		A584494E1ACD504A0042A93E /* Debug */ = {
			isa = XCBuildConfiguration;
			buildSettings = {
				ASSETCATALOG_COMPILER_APPICON_NAME = AppIcon;
				CLANG_ENABLE_MODULES = YES;
				INFOPLIST_FILE = askWatson/Info.plist;
				LD_RUNPATH_SEARCH_PATHS = "$(inherited) @executable_path/Frameworks";
				PRODUCT_NAME = "$(TARGET_NAME)";
				SWIFT_OBJC_BRIDGING_HEADER = "askWatson/askWatson-Bridging-Header.h";
				SWIFT_OPTIMIZATION_LEVEL = "-Onone";
			};
			name = Debug;
		};
		A584494F1ACD504A0042A93E /* Release */ = {
			isa = XCBuildConfiguration;
			buildSettings = {
				ASSETCATALOG_COMPILER_APPICON_NAME = AppIcon;
				CLANG_ENABLE_MODULES = YES;
				INFOPLIST_FILE = askWatson/Info.plist;
				LD_RUNPATH_SEARCH_PATHS = "$(inherited) @executable_path/Frameworks";
				PRODUCT_NAME = "$(TARGET_NAME)";
				SWIFT_OBJC_BRIDGING_HEADER = "askWatson/askWatson-Bridging-Header.h";
			};
			name = Release;
		};
		A58449511ACD504A0042A93E /* Debug */ = {
			isa = XCBuildConfiguration;
			buildSettings = {
				BUNDLE_LOADER = "$(TEST_HOST)";
				FRAMEWORK_SEARCH_PATHS = (
					"$(SDKROOT)/Developer/Library/Frameworks",
					"$(inherited)",
				);
				GCC_PREPROCESSOR_DEFINITIONS = (
					"DEBUG=1",
					"$(inherited)",
				);
				INFOPLIST_FILE = askWatsonTests/Info.plist;
				LD_RUNPATH_SEARCH_PATHS = "$(inherited) @executable_path/Frameworks @loader_path/Frameworks";
				PRODUCT_NAME = "$(TARGET_NAME)";
				TEST_HOST = "$(BUILT_PRODUCTS_DIR)/askWatson.app/askWatson";
			};
			name = Debug;
		};
		A58449521ACD504A0042A93E /* Release */ = {
			isa = XCBuildConfiguration;
			buildSettings = {
				BUNDLE_LOADER = "$(TEST_HOST)";
				FRAMEWORK_SEARCH_PATHS = (
					"$(SDKROOT)/Developer/Library/Frameworks",
					"$(inherited)",
				);
				INFOPLIST_FILE = askWatsonTests/Info.plist;
				LD_RUNPATH_SEARCH_PATHS = "$(inherited) @executable_path/Frameworks @loader_path/Frameworks";
				PRODUCT_NAME = "$(TARGET_NAME)";
				TEST_HOST = "$(BUILT_PRODUCTS_DIR)/askWatson.app/askWatson";
			};
			name = Release;
		};
/* End XCBuildConfiguration section */

/* Begin XCConfigurationList section */
		A58449291ACD504A0042A93E /* Build configuration list for PBXProject "askWatson" */ = {
			isa = XCConfigurationList;
			buildConfigurations = (
				A584494B1ACD504A0042A93E /* Debug */,
				A584494C1ACD504A0042A93E /* Release */,
			);
			defaultConfigurationIsVisible = 0;
			defaultConfigurationName = Release;
		};
		A584494D1ACD504A0042A93E /* Build configuration list for PBXNativeTarget "askWatson" */ = {
			isa = XCConfigurationList;
			buildConfigurations = (
				A584494E1ACD504A0042A93E /* Debug */,
				A584494F1ACD504A0042A93E /* Release */,
			);
			defaultConfigurationIsVisible = 0;
			defaultConfigurationName = Release;
		};
		A58449501ACD504A0042A93E /* Build configuration list for PBXNativeTarget "askWatsonTests" */ = {
			isa = XCConfigurationList;
			buildConfigurations = (
				A58449511ACD504A0042A93E /* Debug */,
				A58449521ACD504A0042A93E /* Release */,
			);
			defaultConfigurationIsVisible = 0;
			defaultConfigurationName = Release;
		};
/* End XCConfigurationList section */
	};
	rootObject = A58449261ACD504A0042A93E /* Project object */;
}
